// !$*UTF8*$!
{
	archiveVersion = 1;
	classes = {
	};
	objectVersion = 56;
	objects = {

/* Begin PBXBuildFile section */
		D91EE6C7295FCD1B00AB463F /* AppDelegate.swift in Sources */ = {isa = PBXBuildFile; fileRef = D91EE6C6295FCD1B00AB463F /* AppDelegate.swift */; };
		D91EE6C9295FCD1B00AB463F /* SceneDelegate.swift in Sources */ = {isa = PBXBuildFile; fileRef = D91EE6C8295FCD1B00AB463F /* SceneDelegate.swift */; };
		D91EE6CB295FCD1B00AB463F /* HomePageVC.swift in Sources */ = {isa = PBXBuildFile; fileRef = D91EE6CA295FCD1B00AB463F /* HomePageVC.swift */; };
		D91EE6D1295FCD1B00AB463F /* Race_Fan.xcdatamodeld in Sources */ = {isa = PBXBuildFile; fileRef = D91EE6CF295FCD1B00AB463F /* Race_Fan.xcdatamodeld */; };
		D91EE6D3295FCD1D00AB463F /* Assets.xcassets in Resources */ = {isa = PBXBuildFile; fileRef = D91EE6D2295FCD1D00AB463F /* Assets.xcassets */; };
		D91EE6D6295FCD1D00AB463F /* LaunchScreen.storyboard in Resources */ = {isa = PBXBuildFile; fileRef = D91EE6D4295FCD1D00AB463F /* LaunchScreen.storyboard */; };
		D91EE6E1295FCD1D00AB463F /* Race_FanTests.swift in Sources */ = {isa = PBXBuildFile; fileRef = D91EE6E0295FCD1D00AB463F /* Race_FanTests.swift */; };
		D91EE6EB295FCD1D00AB463F /* Race_FanUITests.swift in Sources */ = {isa = PBXBuildFile; fileRef = D91EE6EA295FCD1D00AB463F /* Race_FanUITests.swift */; };
		D91EE6ED295FCD1D00AB463F /* Race_FanUITestsLaunchTests.swift in Sources */ = {isa = PBXBuildFile; fileRef = D91EE6EC295FCD1D00AB463F /* Race_FanUITestsLaunchTests.swift */; };
		D934C7F22973190800A08E13 /* State.swift in Sources */ = {isa = PBXBuildFile; fileRef = D934C7F12973190800A08E13 /* State.swift */; };
		D934C7F42973408900A08E13 /* DataManager.swift in Sources */ = {isa = PBXBuildFile; fileRef = D934C7F32973408900A08E13 /* DataManager.swift */; };
		D95F8AE42967B1E8008DEBA6 /* HomePageView.swift in Sources */ = {isa = PBXBuildFile; fileRef = D95F8AE32967B1E8008DEBA6 /* HomePageView.swift */; };
		D95F8AE82968C8B9008DEBA6 /* RaceCountdown.swift in Sources */ = {isa = PBXBuildFile; fileRef = D95F8AE72968C8B9008DEBA6 /* RaceCountdown.swift */; };
		D95F8AEA296901DA008DEBA6 /* ProgressCircle.swift in Sources */ = {isa = PBXBuildFile; fileRef = D95F8AE9296901DA008DEBA6 /* ProgressCircle.swift */; };
		D95F8AEC296A0128008DEBA6 /* Countdown.swift in Sources */ = {isa = PBXBuildFile; fileRef = D95F8AEB296A0128008DEBA6 /* Countdown.swift */; };
		D96654DD297F614700442687 /* DriverDetailVC.swift in Sources */ = {isa = PBXBuildFile; fileRef = D96654DC297F614700442687 /* DriverDetailVC.swift */; };
		D96654DF297F615C00442687 /* ConstructorDetailVC.swift in Sources */ = {isa = PBXBuildFile; fileRef = D96654DE297F615C00442687 /* ConstructorDetailVC.swift */; };
		D96654E1297F617900442687 /* DriverDetailView.swift in Sources */ = {isa = PBXBuildFile; fileRef = D96654E0297F617900442687 /* DriverDetailView.swift */; };
		D96654E3297F618800442687 /* ConstructorDetailView.swift in Sources */ = {isa = PBXBuildFile; fileRef = D96654E2297F618800442687 /* ConstructorDetailView.swift */; };
		D96654E629804B5200442687 /* RaceDetailView.swift in Sources */ = {isa = PBXBuildFile; fileRef = D96654E529804B5200442687 /* RaceDetailView.swift */; };
		D96654E829804B6700442687 /* RaceDetailVC.swift in Sources */ = {isa = PBXBuildFile; fileRef = D96654E729804B6700442687 /* RaceDetailVC.swift */; };
		D96654EA2980A3D100442687 /* WeekendScheduleCell.swift in Sources */ = {isa = PBXBuildFile; fileRef = D96654E92980A3D100442687 /* WeekendScheduleCell.swift */; };
		D96830502971F45D00060BA3 /* Location+CoreDataClass.swift in Sources */ = {isa = PBXBuildFile; fileRef = D96830482971F45D00060BA3 /* Location+CoreDataClass.swift */; };
		D96830522971F45D00060BA3 /* Circuit+CoreDataClass.swift in Sources */ = {isa = PBXBuildFile; fileRef = D968304A2971F45D00060BA3 /* Circuit+CoreDataClass.swift */; };
		D96830542971F45D00060BA3 /* WeekendEvent+CoreDataClass.swift in Sources */ = {isa = PBXBuildFile; fileRef = D968304C2971F45D00060BA3 /* WeekendEvent+CoreDataClass.swift */; };
		D96830562971F45D00060BA3 /* Race+CoreDataClass.swift in Sources */ = {isa = PBXBuildFile; fileRef = D968304E2971F45D00060BA3 /* Race+CoreDataClass.swift */; };
		D96830592971F90A00060BA3 /* DecoderConfigurationError.swift in Sources */ = {isa = PBXBuildFile; fileRef = D96830582971F90A00060BA3 /* DecoderConfigurationError.swift */; };
		D968305C2972331A00060BA3 /* TimeStamp+CoreDataClass.swift in Sources */ = {isa = PBXBuildFile; fileRef = D968305A2972331A00060BA3 /* TimeStamp+CoreDataClass.swift */; };
		D9947A682978673A00AC93CC /* DisplayedStandings.swift in Sources */ = {isa = PBXBuildFile; fileRef = D9947A672978673A00AC93CC /* DisplayedStandings.swift */; };
		D9947A712979C68800AC93CC /* DriverStandings+CoreDataClass.swift in Sources */ = {isa = PBXBuildFile; fileRef = D9947A692979C68800AC93CC /* DriverStandings+CoreDataClass.swift */; };
		D9947A732979C68800AC93CC /* Constructor+CoreDataClass.swift in Sources */ = {isa = PBXBuildFile; fileRef = D9947A6B2979C68800AC93CC /* Constructor+CoreDataClass.swift */; };
		D9947A752979C68800AC93CC /* Driver+CoreDataClass.swift in Sources */ = {isa = PBXBuildFile; fileRef = D9947A6D2979C68800AC93CC /* Driver+CoreDataClass.swift */; };
		D9947A772979C68800AC93CC /* DriverStandingItem+CoreDataClass.swift in Sources */ = {isa = PBXBuildFile; fileRef = D9947A6F2979C68800AC93CC /* DriverStandingItem+CoreDataClass.swift */; };
		D9947A7A2979DCC000AC93CC /* StandingsViewModel.swift in Sources */ = {isa = PBXBuildFile; fileRef = D9947A792979DCC000AC93CC /* StandingsViewModel.swift */; };
		D9947A7C2979DD8200AC93CC /* StandingsViewModelDelegate.swift in Sources */ = {isa = PBXBuildFile; fileRef = D9947A7B2979DD8200AC93CC /* StandingsViewModelDelegate.swift */; };
		D9947A83297A2B9D00AC93CC /* StandingsCell.swift in Sources */ = {isa = PBXBuildFile; fileRef = D9947A82297A2B9D00AC93CC /* StandingsCell.swift */; };
		D9947A88297B4A7C00AC93CC /* ConstructorStandings+CoreDataClass.swift in Sources */ = {isa = PBXBuildFile; fileRef = D9947A84297B4A7C00AC93CC /* ConstructorStandings+CoreDataClass.swift */; };
		D9947A8A297B4A7C00AC93CC /* ConstructorStandingItem+CoreDataClass.swift in Sources */ = {isa = PBXBuildFile; fileRef = D9947A86297B4A7C00AC93CC /* ConstructorStandingItem+CoreDataClass.swift */; };
		D9947A8F297B4BD100AC93CC /* DriverStandingsParsing.swift in Sources */ = {isa = PBXBuildFile; fileRef = D9947A8E297B4BD100AC93CC /* DriverStandingsParsing.swift */; };
		D9947A91297B4C7900AC93CC /* ConstructorStandingsParsing.swift in Sources */ = {isa = PBXBuildFile; fileRef = D9947A90297B4C7900AC93CC /* ConstructorStandingsParsing.swift */; };
		D9A190C12975F99900FEC58E /* StandingsVC.swift in Sources */ = {isa = PBXBuildFile; fileRef = D9A190C02975F99900FEC58E /* StandingsVC.swift */; };
		D9A190C42975FE5800FEC58E /* ToggleListView.swift in Sources */ = {isa = PBXBuildFile; fileRef = D9A190C32975FE5800FEC58E /* ToggleListView.swift */; };
		D9A190C6297600E500FEC58E /* DisplayedSchedule.swift in Sources */ = {isa = PBXBuildFile; fileRef = D9A190C5297600E500FEC58E /* DisplayedSchedule.swift */; };
		D9A190C829760CF200FEC58E /* ScheduleCell.swift in Sources */ = {isa = PBXBuildFile; fileRef = D9A190C729760CF200FEC58E /* ScheduleCell.swift */; };
		D9A190CA29760E2400FEC58E /* ScheduleViewModel.swift in Sources */ = {isa = PBXBuildFile; fileRef = D9A190C929760E2400FEC58E /* ScheduleViewModel.swift */; };
		D9C7F2892974F3FC009CE1DE /* CoreDateError.swift in Sources */ = {isa = PBXBuildFile; fileRef = D9C7F2882974F3FC009CE1DE /* CoreDateError.swift */; };
		D9C83CAE297787110030DA09 /* DateChangeDelegate.swift in Sources */ = {isa = PBXBuildFile; fileRef = D9C83CAD297787110030DA09 /* DateChangeDelegate.swift */; };
		D9C83CB0297787BA0030DA09 /* HomePageViewModelDelegate.swift in Sources */ = {isa = PBXBuildFile; fileRef = D9C83CAF297787BA0030DA09 /* HomePageViewModelDelegate.swift */; };
		D9C83CB2297788900030DA09 /* ScheduleViewModelDelegate.swift in Sources */ = {isa = PBXBuildFile; fileRef = D9C83CB1297788900030DA09 /* ScheduleViewModelDelegate.swift */; };
		D9CE2C66298195370025B6B0 /* RaceDetailViewModel.swift in Sources */ = {isa = PBXBuildFile; fileRef = D9CE2C65298195370025B6B0 /* RaceDetailViewModel.swift */; };
		D9CE2C6829819CEA0025B6B0 /* RaceDetailViewModelDelegate.swift in Sources */ = {isa = PBXBuildFile; fileRef = D9CE2C6729819CEA0025B6B0 /* RaceDetailViewModelDelegate.swift */; };
		D9CE2C6A2981A0910025B6B0 /* TimeSelection.swift in Sources */ = {isa = PBXBuildFile; fileRef = D9CE2C692981A0910025B6B0 /* TimeSelection.swift */; };
		D9CE2C6C2981A4710025B6B0 /* WeekendEventItem.swift in Sources */ = {isa = PBXBuildFile; fileRef = D9CE2C6B2981A4710025B6B0 /* WeekendEventItem.swift */; };
		D9CE2C6E2981A56E0025B6B0 /* Time.swift in Sources */ = {isa = PBXBuildFile; fileRef = D9CE2C6D2981A56E0025B6B0 /* Time.swift */; };
		D9CE2C722981B1EE0025B6B0 /* GeocodeError.swift in Sources */ = {isa = PBXBuildFile; fileRef = D9CE2C712981B1EE0025B6B0 /* GeocodeError.swift */; };
		D9D5B6802967487D00A196BC /* ScheduleVC.swift in Sources */ = {isa = PBXBuildFile; fileRef = D9D5B67F2967487D00A196BC /* ScheduleVC.swift */; };
		D9DE1876297102A3006C6541 /* CoreDataManager.swift in Sources */ = {isa = PBXBuildFile; fileRef = D9DE1875297102A3006C6541 /* CoreDataManager.swift */; };
		D9DE187A2971EA71006C6541 /* NetworkingManager.swift in Sources */ = {isa = PBXBuildFile; fileRef = D9DE18792971EA71006C6541 /* NetworkingManager.swift */; };
		D9DE187D2971EAF3006C6541 /* HttpMethodType.swift in Sources */ = {isa = PBXBuildFile; fileRef = D9DE187C2971EAF3006C6541 /* HttpMethodType.swift */; };
		D9DE187F2971EB0C006C6541 /* NetworkingError.swift in Sources */ = {isa = PBXBuildFile; fileRef = D9DE187E2971EB0C006C6541 /* NetworkingError.swift */; };
		D9DE18812971EBAD006C6541 /* Constants.swift in Sources */ = {isa = PBXBuildFile; fileRef = D9DE18802971EBAD006C6541 /* Constants.swift */; };
		D9DE18842971EFEA006C6541 /* ScheduleParsing.swift in Sources */ = {isa = PBXBuildFile; fileRef = D9DE18832971EFEA006C6541 /* ScheduleParsing.swift */; };
		D9FFACBF296A49BD009B8869 /* HomePageViewModel.swift in Sources */ = {isa = PBXBuildFile; fileRef = D9FFACBE296A49BD009B8869 /* HomePageViewModel.swift */; };
/* End PBXBuildFile section */

/* Begin PBXContainerItemProxy section */
		D91EE6DD295FCD1D00AB463F /* PBXContainerItemProxy */ = {
			isa = PBXContainerItemProxy;
			containerPortal = D91EE6BB295FCD1B00AB463F /* Project object */;
			proxyType = 1;
			remoteGlobalIDString = D91EE6C2295FCD1B00AB463F;
			remoteInfo = "Race Fan";
		};
		D91EE6E7295FCD1D00AB463F /* PBXContainerItemProxy */ = {
			isa = PBXContainerItemProxy;
			containerPortal = D91EE6BB295FCD1B00AB463F /* Project object */;
			proxyType = 1;
			remoteGlobalIDString = D91EE6C2295FCD1B00AB463F;
			remoteInfo = "Race Fan";
		};
/* End PBXContainerItemProxy section */

/* Begin PBXFileReference section */
		D91EE6C3295FCD1B00AB463F /* Race Fan.app */ = {isa = PBXFileReference; explicitFileType = wrapper.application; includeInIndex = 0; path = "Race Fan.app"; sourceTree = BUILT_PRODUCTS_DIR; };
		D91EE6C6295FCD1B00AB463F /* AppDelegate.swift */ = {isa = PBXFileReference; lastKnownFileType = sourcecode.swift; path = AppDelegate.swift; sourceTree = "<group>"; };
		D91EE6C8295FCD1B00AB463F /* SceneDelegate.swift */ = {isa = PBXFileReference; lastKnownFileType = sourcecode.swift; path = SceneDelegate.swift; sourceTree = "<group>"; };
		D91EE6CA295FCD1B00AB463F /* HomePageVC.swift */ = {isa = PBXFileReference; lastKnownFileType = sourcecode.swift; path = HomePageVC.swift; sourceTree = "<group>"; };
		D91EE6D0295FCD1B00AB463F /* Race_Fan.xcdatamodel */ = {isa = PBXFileReference; lastKnownFileType = wrapper.xcdatamodel; path = Race_Fan.xcdatamodel; sourceTree = "<group>"; };
		D91EE6D2295FCD1D00AB463F /* Assets.xcassets */ = {isa = PBXFileReference; lastKnownFileType = folder.assetcatalog; path = Assets.xcassets; sourceTree = "<group>"; };
		D91EE6D5295FCD1D00AB463F /* Base */ = {isa = PBXFileReference; lastKnownFileType = file.storyboard; name = Base; path = Base.lproj/LaunchScreen.storyboard; sourceTree = "<group>"; };
		D91EE6D7295FCD1D00AB463F /* Info.plist */ = {isa = PBXFileReference; lastKnownFileType = text.plist.xml; path = Info.plist; sourceTree = "<group>"; };
		D91EE6DC295FCD1D00AB463F /* Race FanTests.xctest */ = {isa = PBXFileReference; explicitFileType = wrapper.cfbundle; includeInIndex = 0; path = "Race FanTests.xctest"; sourceTree = BUILT_PRODUCTS_DIR; };
		D91EE6E0295FCD1D00AB463F /* Race_FanTests.swift */ = {isa = PBXFileReference; lastKnownFileType = sourcecode.swift; path = Race_FanTests.swift; sourceTree = "<group>"; };
		D91EE6E6295FCD1D00AB463F /* Race FanUITests.xctest */ = {isa = PBXFileReference; explicitFileType = wrapper.cfbundle; includeInIndex = 0; path = "Race FanUITests.xctest"; sourceTree = BUILT_PRODUCTS_DIR; };
		D91EE6EA295FCD1D00AB463F /* Race_FanUITests.swift */ = {isa = PBXFileReference; lastKnownFileType = sourcecode.swift; path = Race_FanUITests.swift; sourceTree = "<group>"; };
		D91EE6EC295FCD1D00AB463F /* Race_FanUITestsLaunchTests.swift */ = {isa = PBXFileReference; lastKnownFileType = sourcecode.swift; path = Race_FanUITestsLaunchTests.swift; sourceTree = "<group>"; };
		D934C7F12973190800A08E13 /* State.swift */ = {isa = PBXFileReference; lastKnownFileType = sourcecode.swift; path = State.swift; sourceTree = "<group>"; };
		D934C7F32973408900A08E13 /* DataManager.swift */ = {isa = PBXFileReference; lastKnownFileType = sourcecode.swift; path = DataManager.swift; sourceTree = "<group>"; };
		D95F8AE32967B1E8008DEBA6 /* HomePageView.swift */ = {isa = PBXFileReference; lastKnownFileType = sourcecode.swift; path = HomePageView.swift; sourceTree = "<group>"; };
		D95F8AE72968C8B9008DEBA6 /* RaceCountdown.swift */ = {isa = PBXFileReference; lastKnownFileType = sourcecode.swift; path = RaceCountdown.swift; sourceTree = "<group>"; };
		D95F8AE9296901DA008DEBA6 /* ProgressCircle.swift */ = {isa = PBXFileReference; lastKnownFileType = sourcecode.swift; path = ProgressCircle.swift; sourceTree = "<group>"; };
		D95F8AEB296A0128008DEBA6 /* Countdown.swift */ = {isa = PBXFileReference; lastKnownFileType = sourcecode.swift; path = Countdown.swift; sourceTree = "<group>"; };
		D96654DC297F614700442687 /* DriverDetailVC.swift */ = {isa = PBXFileReference; lastKnownFileType = sourcecode.swift; path = DriverDetailVC.swift; sourceTree = "<group>"; };
		D96654DE297F615C00442687 /* ConstructorDetailVC.swift */ = {isa = PBXFileReference; lastKnownFileType = sourcecode.swift; path = ConstructorDetailVC.swift; sourceTree = "<group>"; };
		D96654E0297F617900442687 /* DriverDetailView.swift */ = {isa = PBXFileReference; lastKnownFileType = sourcecode.swift; path = DriverDetailView.swift; sourceTree = "<group>"; };
		D96654E2297F618800442687 /* ConstructorDetailView.swift */ = {isa = PBXFileReference; lastKnownFileType = sourcecode.swift; path = ConstructorDetailView.swift; sourceTree = "<group>"; };
		D96654E529804B5200442687 /* RaceDetailView.swift */ = {isa = PBXFileReference; lastKnownFileType = sourcecode.swift; path = RaceDetailView.swift; sourceTree = "<group>"; };
		D96654E729804B6700442687 /* RaceDetailVC.swift */ = {isa = PBXFileReference; lastKnownFileType = sourcecode.swift; path = RaceDetailVC.swift; sourceTree = "<group>"; };
		D96654E92980A3D100442687 /* WeekendScheduleCell.swift */ = {isa = PBXFileReference; lastKnownFileType = sourcecode.swift; path = WeekendScheduleCell.swift; sourceTree = "<group>"; };
		D96830482971F45D00060BA3 /* Location+CoreDataClass.swift */ = {isa = PBXFileReference; lastKnownFileType = sourcecode.swift; path = "Location+CoreDataClass.swift"; sourceTree = "<group>"; };
		D968304A2971F45D00060BA3 /* Circuit+CoreDataClass.swift */ = {isa = PBXFileReference; lastKnownFileType = sourcecode.swift; path = "Circuit+CoreDataClass.swift"; sourceTree = "<group>"; };
		D968304C2971F45D00060BA3 /* WeekendEvent+CoreDataClass.swift */ = {isa = PBXFileReference; lastKnownFileType = sourcecode.swift; path = "WeekendEvent+CoreDataClass.swift"; sourceTree = "<group>"; };
		D968304E2971F45D00060BA3 /* Race+CoreDataClass.swift */ = {isa = PBXFileReference; lastKnownFileType = sourcecode.swift; path = "Race+CoreDataClass.swift"; sourceTree = "<group>"; };
		D96830582971F90A00060BA3 /* DecoderConfigurationError.swift */ = {isa = PBXFileReference; lastKnownFileType = sourcecode.swift; path = DecoderConfigurationError.swift; sourceTree = "<group>"; };
		D968305A2972331A00060BA3 /* TimeStamp+CoreDataClass.swift */ = {isa = PBXFileReference; lastKnownFileType = sourcecode.swift; path = "TimeStamp+CoreDataClass.swift"; sourceTree = "<group>"; };
		D9947A672978673A00AC93CC /* DisplayedStandings.swift */ = {isa = PBXFileReference; lastKnownFileType = sourcecode.swift; path = DisplayedStandings.swift; sourceTree = "<group>"; };
		D9947A692979C68800AC93CC /* DriverStandings+CoreDataClass.swift */ = {isa = PBXFileReference; lastKnownFileType = sourcecode.swift; path = "DriverStandings+CoreDataClass.swift"; sourceTree = "<group>"; };
		D9947A6B2979C68800AC93CC /* Constructor+CoreDataClass.swift */ = {isa = PBXFileReference; lastKnownFileType = sourcecode.swift; path = "Constructor+CoreDataClass.swift"; sourceTree = "<group>"; };
		D9947A6D2979C68800AC93CC /* Driver+CoreDataClass.swift */ = {isa = PBXFileReference; lastKnownFileType = sourcecode.swift; path = "Driver+CoreDataClass.swift"; sourceTree = "<group>"; };
		D9947A6F2979C68800AC93CC /* DriverStandingItem+CoreDataClass.swift */ = {isa = PBXFileReference; lastKnownFileType = sourcecode.swift; path = "DriverStandingItem+CoreDataClass.swift"; sourceTree = "<group>"; };
		D9947A792979DCC000AC93CC /* StandingsViewModel.swift */ = {isa = PBXFileReference; lastKnownFileType = sourcecode.swift; path = StandingsViewModel.swift; sourceTree = "<group>"; };
		D9947A7B2979DD8200AC93CC /* StandingsViewModelDelegate.swift */ = {isa = PBXFileReference; lastKnownFileType = sourcecode.swift; path = StandingsViewModelDelegate.swift; sourceTree = "<group>"; };
		D9947A82297A2B9D00AC93CC /* StandingsCell.swift */ = {isa = PBXFileReference; lastKnownFileType = sourcecode.swift; path = StandingsCell.swift; sourceTree = "<group>"; };
		D9947A84297B4A7C00AC93CC /* ConstructorStandings+CoreDataClass.swift */ = {isa = PBXFileReference; lastKnownFileType = sourcecode.swift; path = "ConstructorStandings+CoreDataClass.swift"; sourceTree = "<group>"; };
		D9947A86297B4A7C00AC93CC /* ConstructorStandingItem+CoreDataClass.swift */ = {isa = PBXFileReference; lastKnownFileType = sourcecode.swift; path = "ConstructorStandingItem+CoreDataClass.swift"; sourceTree = "<group>"; };
		D9947A8E297B4BD100AC93CC /* DriverStandingsParsing.swift */ = {isa = PBXFileReference; lastKnownFileType = sourcecode.swift; path = DriverStandingsParsing.swift; sourceTree = "<group>"; };
		D9947A90297B4C7900AC93CC /* ConstructorStandingsParsing.swift */ = {isa = PBXFileReference; lastKnownFileType = sourcecode.swift; path = ConstructorStandingsParsing.swift; sourceTree = "<group>"; };
		D9A190C02975F99900FEC58E /* StandingsVC.swift */ = {isa = PBXFileReference; lastKnownFileType = sourcecode.swift; path = StandingsVC.swift; sourceTree = "<group>"; };
		D9A190C32975FE5800FEC58E /* ToggleListView.swift */ = {isa = PBXFileReference; lastKnownFileType = sourcecode.swift; path = ToggleListView.swift; sourceTree = "<group>"; };
		D9A190C5297600E500FEC58E /* DisplayedSchedule.swift */ = {isa = PBXFileReference; lastKnownFileType = sourcecode.swift; path = DisplayedSchedule.swift; sourceTree = "<group>"; };
		D9A190C729760CF200FEC58E /* ScheduleCell.swift */ = {isa = PBXFileReference; lastKnownFileType = sourcecode.swift; path = ScheduleCell.swift; sourceTree = "<group>"; };
		D9A190C929760E2400FEC58E /* ScheduleViewModel.swift */ = {isa = PBXFileReference; lastKnownFileType = sourcecode.swift; path = ScheduleViewModel.swift; sourceTree = "<group>"; };
		D9C7F2882974F3FC009CE1DE /* CoreDateError.swift */ = {isa = PBXFileReference; lastKnownFileType = sourcecode.swift; path = CoreDateError.swift; sourceTree = "<group>"; };
		D9C83CAD297787110030DA09 /* DateChangeDelegate.swift */ = {isa = PBXFileReference; lastKnownFileType = sourcecode.swift; path = DateChangeDelegate.swift; sourceTree = "<group>"; };
		D9C83CAF297787BA0030DA09 /* HomePageViewModelDelegate.swift */ = {isa = PBXFileReference; lastKnownFileType = sourcecode.swift; path = HomePageViewModelDelegate.swift; sourceTree = "<group>"; };
		D9C83CB1297788900030DA09 /* ScheduleViewModelDelegate.swift */ = {isa = PBXFileReference; lastKnownFileType = sourcecode.swift; path = ScheduleViewModelDelegate.swift; sourceTree = "<group>"; };
		D9CE2C65298195370025B6B0 /* RaceDetailViewModel.swift */ = {isa = PBXFileReference; lastKnownFileType = sourcecode.swift; path = RaceDetailViewModel.swift; sourceTree = "<group>"; };
		D9CE2C6729819CEA0025B6B0 /* RaceDetailViewModelDelegate.swift */ = {isa = PBXFileReference; lastKnownFileType = sourcecode.swift; path = RaceDetailViewModelDelegate.swift; sourceTree = "<group>"; };
		D9CE2C692981A0910025B6B0 /* TimeSelection.swift */ = {isa = PBXFileReference; lastKnownFileType = sourcecode.swift; path = TimeSelection.swift; sourceTree = "<group>"; };
		D9CE2C6B2981A4710025B6B0 /* WeekendEventItem.swift */ = {isa = PBXFileReference; lastKnownFileType = sourcecode.swift; path = WeekendEventItem.swift; sourceTree = "<group>"; };
		D9CE2C6D2981A56E0025B6B0 /* Time.swift */ = {isa = PBXFileReference; lastKnownFileType = sourcecode.swift; path = Time.swift; sourceTree = "<group>"; };
		D9CE2C712981B1EE0025B6B0 /* GeocodeError.swift */ = {isa = PBXFileReference; lastKnownFileType = sourcecode.swift; path = GeocodeError.swift; sourceTree = "<group>"; };
		D9D5B67F2967487D00A196BC /* ScheduleVC.swift */ = {isa = PBXFileReference; lastKnownFileType = sourcecode.swift; path = ScheduleVC.swift; sourceTree = "<group>"; };
		D9DE1875297102A3006C6541 /* CoreDataManager.swift */ = {isa = PBXFileReference; lastKnownFileType = sourcecode.swift; path = CoreDataManager.swift; sourceTree = "<group>"; };
		D9DE18792971EA71006C6541 /* NetworkingManager.swift */ = {isa = PBXFileReference; lastKnownFileType = sourcecode.swift; path = NetworkingManager.swift; sourceTree = "<group>"; };
		D9DE187C2971EAF3006C6541 /* HttpMethodType.swift */ = {isa = PBXFileReference; lastKnownFileType = sourcecode.swift; path = HttpMethodType.swift; sourceTree = "<group>"; };
		D9DE187E2971EB0C006C6541 /* NetworkingError.swift */ = {isa = PBXFileReference; lastKnownFileType = sourcecode.swift; path = NetworkingError.swift; sourceTree = "<group>"; };
		D9DE18802971EBAD006C6541 /* Constants.swift */ = {isa = PBXFileReference; lastKnownFileType = sourcecode.swift; path = Constants.swift; sourceTree = "<group>"; };
		D9DE18832971EFEA006C6541 /* ScheduleParsing.swift */ = {isa = PBXFileReference; lastKnownFileType = sourcecode.swift; path = ScheduleParsing.swift; sourceTree = "<group>"; };
		D9FFACBE296A49BD009B8869 /* HomePageViewModel.swift */ = {isa = PBXFileReference; lastKnownFileType = sourcecode.swift; path = HomePageViewModel.swift; sourceTree = "<group>"; };
/* End PBXFileReference section */

/* Begin PBXFrameworksBuildPhase section */
		D91EE6C0295FCD1B00AB463F /* Frameworks */ = {
			isa = PBXFrameworksBuildPhase;
			buildActionMask = 2147483647;
			files = (
			);
			runOnlyForDeploymentPostprocessing = 0;
		};
		D91EE6D9295FCD1D00AB463F /* Frameworks */ = {
			isa = PBXFrameworksBuildPhase;
			buildActionMask = 2147483647;
			files = (
			);
			runOnlyForDeploymentPostprocessing = 0;
		};
		D91EE6E3295FCD1D00AB463F /* Frameworks */ = {
			isa = PBXFrameworksBuildPhase;
			buildActionMask = 2147483647;
			files = (
			);
			runOnlyForDeploymentPostprocessing = 0;
		};
/* End PBXFrameworksBuildPhase section */

/* Begin PBXGroup section */
		D90E50BB298215FE00A93769 /* Delegates */ = {
			isa = PBXGroup;
			children = (
				D9C83CAD297787110030DA09 /* DateChangeDelegate.swift */,
				D9C83CAF297787BA0030DA09 /* HomePageViewModelDelegate.swift */,
				D9CE2C6729819CEA0025B6B0 /* RaceDetailViewModelDelegate.swift */,
				D9C83CB1297788900030DA09 /* ScheduleViewModelDelegate.swift */,
				D9947A7B2979DD8200AC93CC /* StandingsViewModelDelegate.swift */,
			);
			path = Delegates;
			sourceTree = "<group>";
		};
		D90E50BC2982160500A93769 /* Enums */ = {
			isa = PBXGroup;
			children = (
				D9A190C5297600E500FEC58E /* DisplayedSchedule.swift */,
				D9947A672978673A00AC93CC /* DisplayedStandings.swift */,
				D9DE187C2971EAF3006C6541 /* HttpMethodType.swift */,
				D934C7F12973190800A08E13 /* State.swift */,
				D9CE2C692981A0910025B6B0 /* TimeSelection.swift */,
				D9CE2C6B2981A4710025B6B0 /* WeekendEventItem.swift */,
				D9CE2C6D2981A56E0025B6B0 /* Time.swift */,
			);
			path = Enums;
			sourceTree = "<group>";
		};
		D90E50BD2982160B00A93769 /* Errors */ = {
			isa = PBXGroup;
			children = (
				D9CE2C712981B1EE0025B6B0 /* GeocodeError.swift */,
				D9DE187E2971EB0C006C6541 /* NetworkingError.swift */,
			);
			path = Errors;
			sourceTree = "<group>";
		};
		D91EE6BA295FCD1B00AB463F = {
			isa = PBXGroup;
			children = (
				D91EE6C5295FCD1B00AB463F /* Race Fan */,
				D91EE6DF295FCD1D00AB463F /* Race FanTests */,
				D91EE6E9295FCD1D00AB463F /* Race FanUITests */,
				D91EE6C4295FCD1B00AB463F /* Products */,
			);
			sourceTree = "<group>";
		};
		D91EE6C4295FCD1B00AB463F /* Products */ = {
			isa = PBXGroup;
			children = (
				D91EE6C3295FCD1B00AB463F /* Race Fan.app */,
				D91EE6DC295FCD1D00AB463F /* Race FanTests.xctest */,
				D91EE6E6295FCD1D00AB463F /* Race FanUITests.xctest */,
			);
			name = Products;
			sourceTree = "<group>";
		};
		D91EE6C5295FCD1B00AB463F /* Race Fan */ = {
			isa = PBXGroup;
			children = (
				D91EE6C6295FCD1B00AB463F /* AppDelegate.swift */,
				D91EE6C8295FCD1B00AB463F /* SceneDelegate.swift */,
				D934C7F0297318FD00A08E13 /* Utils */,
				D934C7EF29730F1E00A08E13 /* Services */,
				D95F8AE02967B1AE008DEBA6 /* Model */,
				D95F8AE12967B1B3008DEBA6 /* View */,
				D95F8AE22967B1B7008DEBA6 /* ViewModel */,
				D91EE6D2295FCD1D00AB463F /* Assets.xcassets */,
				D91EE6D4295FCD1D00AB463F /* LaunchScreen.storyboard */,
				D91EE6D7295FCD1D00AB463F /* Info.plist */,
				D91EE6CF295FCD1B00AB463F /* Race_Fan.xcdatamodeld */,
			);
			path = "Race Fan";
			sourceTree = "<group>";
		};
		D91EE6DF295FCD1D00AB463F /* Race FanTests */ = {
			isa = PBXGroup;
			children = (
				D91EE6E0295FCD1D00AB463F /* Race_FanTests.swift */,
			);
			path = "Race FanTests";
			sourceTree = "<group>";
		};
		D91EE6E9295FCD1D00AB463F /* Race FanUITests */ = {
			isa = PBXGroup;
			children = (
				D91EE6EA295FCD1D00AB463F /* Race_FanUITests.swift */,
				D91EE6EC295FCD1D00AB463F /* Race_FanUITestsLaunchTests.swift */,
			);
			path = "Race FanUITests";
			sourceTree = "<group>";
		};
		D934C7EF29730F1E00A08E13 /* Services */ = {
			isa = PBXGroup;
			children = (
				D934C7F32973408900A08E13 /* DataManager.swift */,
				D9A190C22975FA6200FEC58E /* Core Data */,
				D9DE187B2971EADB006C6541 /* Networking */,
			);
			path = Services;
			sourceTree = "<group>";
		};
		D934C7F0297318FD00A08E13 /* Utils */ = {
			isa = PBXGroup;
			children = (
				D9DE18802971EBAD006C6541 /* Constants.swift */,
				D90E50BD2982160B00A93769 /* Errors */,
				D90E50BC2982160500A93769 /* Enums */,
				D90E50BB298215FE00A93769 /* Delegates */,
			);
			path = Utils;
			sourceTree = "<group>";
		};
		D95F8AE02967B1AE008DEBA6 /* Model */ = {
			isa = PBXGroup;
			children = (
				D9DE18822971EECF006C6541 /* JSON Decoding */,
				D9DE1873297101F0006C6541 /* Core Data */,
			);
			path = Model;
			sourceTree = "<group>";
		};
		D95F8AE12967B1B3008DEBA6 /* View */ = {
			isa = PBXGroup;
			children = (
				D95F8AEB296A0128008DEBA6 /* Countdown.swift */,
				D95F8AE9296901DA008DEBA6 /* ProgressCircle.swift */,
				D95F8AE72968C8B9008DEBA6 /* RaceCountdown.swift */,
				D9A190C32975FE5800FEC58E /* ToggleListView.swift */,
				D96654DB297F611900442687 /* Constructor Detail */,
				D96654DA297F610B00442687 /* Driver Detail */,
				D95F8AE52967B235008DEBA6 /* HomePage */,
				D96654E429804B1A00442687 /* Race Detail */,
				D95F8AE62967B252008DEBA6 /* Schedule */,
				D9A190BF2975F98C00FEC58E /* Standings */,
			);
			path = View;
			sourceTree = "<group>";
		};
		D95F8AE22967B1B7008DEBA6 /* ViewModel */ = {
			isa = PBXGroup;
			children = (
				D9FFACBE296A49BD009B8869 /* HomePageViewModel.swift */,
				D9A190C929760E2400FEC58E /* ScheduleViewModel.swift */,
				D9947A792979DCC000AC93CC /* StandingsViewModel.swift */,
				D9CE2C65298195370025B6B0 /* RaceDetailViewModel.swift */,
			);
			path = ViewModel;
			sourceTree = "<group>";
		};
		D95F8AE52967B235008DEBA6 /* HomePage */ = {
			isa = PBXGroup;
			children = (
				D91EE6CA295FCD1B00AB463F /* HomePageVC.swift */,
				D95F8AE32967B1E8008DEBA6 /* HomePageView.swift */,
			);
			path = HomePage;
			sourceTree = "<group>";
		};
		D95F8AE62967B252008DEBA6 /* Schedule */ = {
			isa = PBXGroup;
			children = (
				D9A190C729760CF200FEC58E /* ScheduleCell.swift */,
				D9D5B67F2967487D00A196BC /* ScheduleVC.swift */,
			);
			path = Schedule;
			sourceTree = "<group>";
		};
		D96654DA297F610B00442687 /* Driver Detail */ = {
			isa = PBXGroup;
			children = (
				D96654DC297F614700442687 /* DriverDetailVC.swift */,
				D96654E0297F617900442687 /* DriverDetailView.swift */,
			);
			path = "Driver Detail";
			sourceTree = "<group>";
		};
		D96654DB297F611900442687 /* Constructor Detail */ = {
			isa = PBXGroup;
			children = (
				D96654DE297F615C00442687 /* ConstructorDetailVC.swift */,
				D96654E2297F618800442687 /* ConstructorDetailView.swift */,
			);
			path = "Constructor Detail";
			sourceTree = "<group>";
		};
		D96654E429804B1A00442687 /* Race Detail */ = {
			isa = PBXGroup;
			children = (
				D96654E529804B5200442687 /* RaceDetailView.swift */,
				D96654E729804B6700442687 /* RaceDetailVC.swift */,
				D96654E92980A3D100442687 /* WeekendScheduleCell.swift */,
			);
			path = "Race Detail";
			sourceTree = "<group>";
		};
		D9947A7D2979E0F000AC93CC /* Schedule */ = {
			isa = PBXGroup;
			children = (
				D9DE18832971EFEA006C6541 /* ScheduleParsing.swift */,
			);
			path = Schedule;
			sourceTree = "<group>";
		};
		D9947A7F2979E10B00AC93CC /* Standings */ = {
			isa = PBXGroup;
			children = (
				D9947A8E297B4BD100AC93CC /* DriverStandingsParsing.swift */,
				D9947A90297B4C7900AC93CC /* ConstructorStandingsParsing.swift */,
			);
			path = Standings;
			sourceTree = "<group>";
		};
		D9A190BF2975F98C00FEC58E /* Standings */ = {
			isa = PBXGroup;
			children = (
				D9A190C02975F99900FEC58E /* StandingsVC.swift */,
				D9947A82297A2B9D00AC93CC /* StandingsCell.swift */,
			);
			path = Standings;
			sourceTree = "<group>";
		};
		D9A190C22975FA6200FEC58E /* Core Data */ = {
			isa = PBXGroup;
			children = (
				D9DE1875297102A3006C6541 /* CoreDataManager.swift */,
			);
			path = "Core Data";
			sourceTree = "<group>";
		};
		D9DE1873297101F0006C6541 /* Core Data */ = {
			isa = PBXGroup;
			children = (
				D9C7F2882974F3FC009CE1DE /* CoreDateError.swift */,
				D96830582971F90A00060BA3 /* DecoderConfigurationError.swift */,
				D9DE18742971024A006C6541 /* Managed Objects */,
			);
			path = "Core Data";
			sourceTree = "<group>";
		};
		D9DE18742971024A006C6541 /* Managed Objects */ = {
			isa = PBXGroup;
			children = (
				D968304A2971F45D00060BA3 /* Circuit+CoreDataClass.swift */,
				D9947A6B2979C68800AC93CC /* Constructor+CoreDataClass.swift */,
				D9947A84297B4A7C00AC93CC /* ConstructorStandings+CoreDataClass.swift */,
				D9947A86297B4A7C00AC93CC /* ConstructorStandingItem+CoreDataClass.swift */,
				D9947A6D2979C68800AC93CC /* Driver+CoreDataClass.swift */,
				D9947A692979C68800AC93CC /* DriverStandings+CoreDataClass.swift */,
				D9947A6F2979C68800AC93CC /* DriverStandingItem+CoreDataClass.swift */,
				D96830482971F45D00060BA3 /* Location+CoreDataClass.swift */,
				D968304E2971F45D00060BA3 /* Race+CoreDataClass.swift */,
				D968305A2972331A00060BA3 /* TimeStamp+CoreDataClass.swift */,
				D968304C2971F45D00060BA3 /* WeekendEvent+CoreDataClass.swift */,
			);
			path = "Managed Objects";
			sourceTree = "<group>";
		};
		D9DE187B2971EADB006C6541 /* Networking */ = {
			isa = PBXGroup;
			children = (
				D9DE18792971EA71006C6541 /* NetworkingManager.swift */,
			);
			path = Networking;
			sourceTree = "<group>";
		};
		D9DE18822971EECF006C6541 /* JSON Decoding */ = {
			isa = PBXGroup;
			children = (
				D9947A7F2979E10B00AC93CC /* Standings */,
				D9947A7D2979E0F000AC93CC /* Schedule */,
			);
			path = "JSON Decoding";
			sourceTree = "<group>";
		};
/* End PBXGroup section */

/* Begin PBXNativeTarget section */
		D91EE6C2295FCD1B00AB463F /* Race Fan */ = {
			isa = PBXNativeTarget;
			buildConfigurationList = D91EE6F0295FCD1D00AB463F /* Build configuration list for PBXNativeTarget "Race Fan" */;
			buildPhases = (
				D91EE6BF295FCD1B00AB463F /* Sources */,
				D91EE6C0295FCD1B00AB463F /* Frameworks */,
				D91EE6C1295FCD1B00AB463F /* Resources */,
			);
			buildRules = (
			);
			dependencies = (
			);
			name = "Race Fan";
			productName = "Race Fan";
			productReference = D91EE6C3295FCD1B00AB463F /* Race Fan.app */;
			productType = "com.apple.product-type.application";
		};
		D91EE6DB295FCD1D00AB463F /* Race FanTests */ = {
			isa = PBXNativeTarget;
			buildConfigurationList = D91EE6F3295FCD1D00AB463F /* Build configuration list for PBXNativeTarget "Race FanTests" */;
			buildPhases = (
				D91EE6D8295FCD1D00AB463F /* Sources */,
				D91EE6D9295FCD1D00AB463F /* Frameworks */,
				D91EE6DA295FCD1D00AB463F /* Resources */,
			);
			buildRules = (
			);
			dependencies = (
				D91EE6DE295FCD1D00AB463F /* PBXTargetDependency */,
			);
			name = "Race FanTests";
			productName = "Race FanTests";
			productReference = D91EE6DC295FCD1D00AB463F /* Race FanTests.xctest */;
			productType = "com.apple.product-type.bundle.unit-test";
		};
		D91EE6E5295FCD1D00AB463F /* Race FanUITests */ = {
			isa = PBXNativeTarget;
			buildConfigurationList = D91EE6F6295FCD1D00AB463F /* Build configuration list for PBXNativeTarget "Race FanUITests" */;
			buildPhases = (
				D91EE6E2295FCD1D00AB463F /* Sources */,
				D91EE6E3295FCD1D00AB463F /* Frameworks */,
				D91EE6E4295FCD1D00AB463F /* Resources */,
			);
			buildRules = (
			);
			dependencies = (
				D91EE6E8295FCD1D00AB463F /* PBXTargetDependency */,
			);
			name = "Race FanUITests";
			productName = "Race FanUITests";
			productReference = D91EE6E6295FCD1D00AB463F /* Race FanUITests.xctest */;
			productType = "com.apple.product-type.bundle.ui-testing";
		};
/* End PBXNativeTarget section */

/* Begin PBXProject section */
		D91EE6BB295FCD1B00AB463F /* Project object */ = {
			isa = PBXProject;
			attributes = {
				BuildIndependentTargetsInParallel = 1;
				LastSwiftUpdateCheck = 1400;
				LastUpgradeCheck = 1400;
				TargetAttributes = {
					D91EE6C2295FCD1B00AB463F = {
						CreatedOnToolsVersion = 14.0;
					};
					D91EE6DB295FCD1D00AB463F = {
						CreatedOnToolsVersion = 14.0;
						TestTargetID = D91EE6C2295FCD1B00AB463F;
					};
					D91EE6E5295FCD1D00AB463F = {
						CreatedOnToolsVersion = 14.0;
						TestTargetID = D91EE6C2295FCD1B00AB463F;
					};
				};
			};
			buildConfigurationList = D91EE6BE295FCD1B00AB463F /* Build configuration list for PBXProject "Race Fan" */;
			compatibilityVersion = "Xcode 14.0";
			developmentRegion = en;
			hasScannedForEncodings = 0;
			knownRegions = (
				en,
				Base,
			);
			mainGroup = D91EE6BA295FCD1B00AB463F;
			productRefGroup = D91EE6C4295FCD1B00AB463F /* Products */;
			projectDirPath = "";
			projectRoot = "";
			targets = (
				D91EE6C2295FCD1B00AB463F /* Race Fan */,
				D91EE6DB295FCD1D00AB463F /* Race FanTests */,
				D91EE6E5295FCD1D00AB463F /* Race FanUITests */,
			);
		};
/* End PBXProject section */

/* Begin PBXResourcesBuildPhase section */
		D91EE6C1295FCD1B00AB463F /* Resources */ = {
			isa = PBXResourcesBuildPhase;
			buildActionMask = 2147483647;
			files = (
				D91EE6D6295FCD1D00AB463F /* LaunchScreen.storyboard in Resources */,
				D91EE6D3295FCD1D00AB463F /* Assets.xcassets in Resources */,
			);
			runOnlyForDeploymentPostprocessing = 0;
		};
		D91EE6DA295FCD1D00AB463F /* Resources */ = {
			isa = PBXResourcesBuildPhase;
			buildActionMask = 2147483647;
			files = (
			);
			runOnlyForDeploymentPostprocessing = 0;
		};
		D91EE6E4295FCD1D00AB463F /* Resources */ = {
			isa = PBXResourcesBuildPhase;
			buildActionMask = 2147483647;
			files = (
			);
			runOnlyForDeploymentPostprocessing = 0;
		};
/* End PBXResourcesBuildPhase section */

/* Begin PBXSourcesBuildPhase section */
		D91EE6BF295FCD1B00AB463F /* Sources */ = {
			isa = PBXSourcesBuildPhase;
			buildActionMask = 2147483647;
			files = (
				D96830542971F45D00060BA3 /* WeekendEvent+CoreDataClass.swift in Sources */,
				D9DE18842971EFEA006C6541 /* ScheduleParsing.swift in Sources */,
				D9D5B6802967487D00A196BC /* ScheduleVC.swift in Sources */,
				D9CE2C6829819CEA0025B6B0 /* RaceDetailViewModelDelegate.swift in Sources */,
				D96654E829804B6700442687 /* RaceDetailVC.swift in Sources */,
				D968305C2972331A00060BA3 /* TimeStamp+CoreDataClass.swift in Sources */,
				D9947A712979C68800AC93CC /* DriverStandings+CoreDataClass.swift in Sources */,
				D9C83CB2297788900030DA09 /* ScheduleViewModelDelegate.swift in Sources */,
				D9947A7A2979DCC000AC93CC /* StandingsViewModel.swift in Sources */,
				D9CE2C722981B1EE0025B6B0 /* GeocodeError.swift in Sources */,
				D96654DD297F614700442687 /* DriverDetailVC.swift in Sources */,
				D9DE18812971EBAD006C6541 /* Constants.swift in Sources */,
				D96654E1297F617900442687 /* DriverDetailView.swift in Sources */,
				D9DE187D2971EAF3006C6541 /* HttpMethodType.swift in Sources */,
				D9DE187A2971EA71006C6541 /* NetworkingManager.swift in Sources */,
				D96654E629804B5200442687 /* RaceDetailView.swift in Sources */,
				D91EE6D1295FCD1B00AB463F /* Race_Fan.xcdatamodeld in Sources */,
				D934C7F22973190800A08E13 /* State.swift in Sources */,
				D96654EA2980A3D100442687 /* WeekendScheduleCell.swift in Sources */,
				D9947A91297B4C7900AC93CC /* ConstructorStandingsParsing.swift in Sources */,
				D9CE2C6C2981A4710025B6B0 /* WeekendEventItem.swift in Sources */,
				D9947A8A297B4A7C00AC93CC /* ConstructorStandingItem+CoreDataClass.swift in Sources */,
				D91EE6CB295FCD1B00AB463F /* HomePageVC.swift in Sources */,
				D9947A772979C68800AC93CC /* DriverStandingItem+CoreDataClass.swift in Sources */,
				D96830562971F45D00060BA3 /* Race+CoreDataClass.swift in Sources */,
				D9A190CA29760E2400FEC58E /* ScheduleViewModel.swift in Sources */,
				D9C83CB0297787BA0030DA09 /* HomePageViewModelDelegate.swift in Sources */,
				D934C7F42973408900A08E13 /* DataManager.swift in Sources */,
				D96830502971F45D00060BA3 /* Location+CoreDataClass.swift in Sources */,
				D9DE1876297102A3006C6541 /* CoreDataManager.swift in Sources */,
				D96654E3297F618800442687 /* ConstructorDetailView.swift in Sources */,
				D91EE6C7295FCD1B00AB463F /* AppDelegate.swift in Sources */,
				D9947A83297A2B9D00AC93CC /* StandingsCell.swift in Sources */,
				D9DE187F2971EB0C006C6541 /* NetworkingError.swift in Sources */,
				D9C83CAE297787110030DA09 /* DateChangeDelegate.swift in Sources */,
				D9C7F2892974F3FC009CE1DE /* CoreDateError.swift in Sources */,
				D9CE2C6E2981A56E0025B6B0 /* Time.swift in Sources */,
				D9FFACBF296A49BD009B8869 /* HomePageViewModel.swift in Sources */,
				D9A190C42975FE5800FEC58E /* ToggleListView.swift in Sources */,
				D9CE2C6A2981A0910025B6B0 /* TimeSelection.swift in Sources */,
				D9A190C6297600E500FEC58E /* DisplayedSchedule.swift in Sources */,
				D9947A8F297B4BD100AC93CC /* DriverStandingsParsing.swift in Sources */,
				D95F8AE42967B1E8008DEBA6 /* HomePageView.swift in Sources */,
				D9A190C12975F99900FEC58E /* StandingsVC.swift in Sources */,
				D9947A732979C68800AC93CC /* Constructor+CoreDataClass.swift in Sources */,
				D95F8AEC296A0128008DEBA6 /* Countdown.swift in Sources */,
				D96830592971F90A00060BA3 /* DecoderConfigurationError.swift in Sources */,
				D96830522971F45D00060BA3 /* Circuit+CoreDataClass.swift in Sources */,
				D9947A7C2979DD8200AC93CC /* StandingsViewModelDelegate.swift in Sources */,
				D9947A88297B4A7C00AC93CC /* ConstructorStandings+CoreDataClass.swift in Sources */,
				D9A190C829760CF200FEC58E /* ScheduleCell.swift in Sources */,
				D96654DF297F615C00442687 /* ConstructorDetailVC.swift in Sources */,
				D91EE6C9295FCD1B00AB463F /* SceneDelegate.swift in Sources */,
				D9CE2C66298195370025B6B0 /* RaceDetailViewModel.swift in Sources */,
				D95F8AEA296901DA008DEBA6 /* ProgressCircle.swift in Sources */,
				D9947A682978673A00AC93CC /* DisplayedStandings.swift in Sources */,
				D9947A752979C68800AC93CC /* Driver+CoreDataClass.swift in Sources */,
				D95F8AE82968C8B9008DEBA6 /* RaceCountdown.swift in Sources */,
			);
			runOnlyForDeploymentPostprocessing = 0;
		};
		D91EE6D8295FCD1D00AB463F /* Sources */ = {
			isa = PBXSourcesBuildPhase;
			buildActionMask = 2147483647;
			files = (
				D91EE6E1295FCD1D00AB463F /* Race_FanTests.swift in Sources */,
			);
			runOnlyForDeploymentPostprocessing = 0;
		};
		D91EE6E2295FCD1D00AB463F /* Sources */ = {
			isa = PBXSourcesBuildPhase;
			buildActionMask = 2147483647;
			files = (
				D91EE6ED295FCD1D00AB463F /* Race_FanUITestsLaunchTests.swift in Sources */,
				D91EE6EB295FCD1D00AB463F /* Race_FanUITests.swift in Sources */,
			);
			runOnlyForDeploymentPostprocessing = 0;
		};
/* End PBXSourcesBuildPhase section */

/* Begin PBXTargetDependency section */
		D91EE6DE295FCD1D00AB463F /* PBXTargetDependency */ = {
			isa = PBXTargetDependency;
			target = D91EE6C2295FCD1B00AB463F /* Race Fan */;
			targetProxy = D91EE6DD295FCD1D00AB463F /* PBXContainerItemProxy */;
		};
		D91EE6E8295FCD1D00AB463F /* PBXTargetDependency */ = {
			isa = PBXTargetDependency;
			target = D91EE6C2295FCD1B00AB463F /* Race Fan */;
			targetProxy = D91EE6E7295FCD1D00AB463F /* PBXContainerItemProxy */;
		};
/* End PBXTargetDependency section */

/* Begin PBXVariantGroup section */
		D91EE6D4295FCD1D00AB463F /* LaunchScreen.storyboard */ = {
			isa = PBXVariantGroup;
			children = (
				D91EE6D5295FCD1D00AB463F /* Base */,
			);
			name = LaunchScreen.storyboard;
			sourceTree = "<group>";
		};
/* End PBXVariantGroup section */

/* Begin XCBuildConfiguration section */
		D91EE6EE295FCD1D00AB463F /* Debug */ = {
			isa = XCBuildConfiguration;
			buildSettings = {
				ALWAYS_SEARCH_USER_PATHS = NO;
				CLANG_ANALYZER_NONNULL = YES;
				CLANG_ANALYZER_NUMBER_OBJECT_CONVERSION = YES_AGGRESSIVE;
				CLANG_CXX_LANGUAGE_STANDARD = "gnu++20";
				CLANG_ENABLE_MODULES = YES;
				CLANG_ENABLE_OBJC_ARC = YES;
				CLANG_ENABLE_OBJC_WEAK = YES;
				CLANG_WARN_BLOCK_CAPTURE_AUTORELEASING = YES;
				CLANG_WARN_BOOL_CONVERSION = YES;
				CLANG_WARN_COMMA = YES;
				CLANG_WARN_CONSTANT_CONVERSION = YES;
				CLANG_WARN_DEPRECATED_OBJC_IMPLEMENTATIONS = YES;
				CLANG_WARN_DIRECT_OBJC_ISA_USAGE = YES_ERROR;
				CLANG_WARN_DOCUMENTATION_COMMENTS = YES;
				CLANG_WARN_EMPTY_BODY = YES;
				CLANG_WARN_ENUM_CONVERSION = YES;
				CLANG_WARN_INFINITE_RECURSION = YES;
				CLANG_WARN_INT_CONVERSION = YES;
				CLANG_WARN_NON_LITERAL_NULL_CONVERSION = YES;
				CLANG_WARN_OBJC_IMPLICIT_RETAIN_SELF = YES;
				CLANG_WARN_OBJC_LITERAL_CONVERSION = YES;
				CLANG_WARN_OBJC_ROOT_CLASS = YES_ERROR;
				CLANG_WARN_QUOTED_INCLUDE_IN_FRAMEWORK_HEADER = YES;
				CLANG_WARN_RANGE_LOOP_ANALYSIS = YES;
				CLANG_WARN_STRICT_PROTOTYPES = YES;
				CLANG_WARN_SUSPICIOUS_MOVE = YES;
				CLANG_WARN_UNGUARDED_AVAILABILITY = YES_AGGRESSIVE;
				CLANG_WARN_UNREACHABLE_CODE = YES;
				CLANG_WARN__DUPLICATE_METHOD_MATCH = YES;
				COPY_PHASE_STRIP = NO;
				DEBUG_INFORMATION_FORMAT = dwarf;
				ENABLE_STRICT_OBJC_MSGSEND = YES;
				ENABLE_TESTABILITY = YES;
				GCC_C_LANGUAGE_STANDARD = gnu11;
				GCC_DYNAMIC_NO_PIC = NO;
				GCC_NO_COMMON_BLOCKS = YES;
				GCC_OPTIMIZATION_LEVEL = 0;
				GCC_PREPROCESSOR_DEFINITIONS = (
					"DEBUG=1",
					"$(inherited)",
				);
				GCC_WARN_64_TO_32_BIT_CONVERSION = YES;
				GCC_WARN_ABOUT_RETURN_TYPE = YES_ERROR;
				GCC_WARN_UNDECLARED_SELECTOR = YES;
				GCC_WARN_UNINITIALIZED_AUTOS = YES_AGGRESSIVE;
				GCC_WARN_UNUSED_FUNCTION = YES;
				GCC_WARN_UNUSED_VARIABLE = YES;
				IPHONEOS_DEPLOYMENT_TARGET = 16.0;
				MTL_ENABLE_DEBUG_INFO = INCLUDE_SOURCE;
				MTL_FAST_MATH = YES;
				ONLY_ACTIVE_ARCH = YES;
				SDKROOT = iphoneos;
				SWIFT_ACTIVE_COMPILATION_CONDITIONS = DEBUG;
				SWIFT_OPTIMIZATION_LEVEL = "-Onone";
			};
			name = Debug;
		};
		D91EE6EF295FCD1D00AB463F /* Release */ = {
			isa = XCBuildConfiguration;
			buildSettings = {
				ALWAYS_SEARCH_USER_PATHS = NO;
				CLANG_ANALYZER_NONNULL = YES;
				CLANG_ANALYZER_NUMBER_OBJECT_CONVERSION = YES_AGGRESSIVE;
				CLANG_CXX_LANGUAGE_STANDARD = "gnu++20";
				CLANG_ENABLE_MODULES = YES;
				CLANG_ENABLE_OBJC_ARC = YES;
				CLANG_ENABLE_OBJC_WEAK = YES;
				CLANG_WARN_BLOCK_CAPTURE_AUTORELEASING = YES;
				CLANG_WARN_BOOL_CONVERSION = YES;
				CLANG_WARN_COMMA = YES;
				CLANG_WARN_CONSTANT_CONVERSION = YES;
				CLANG_WARN_DEPRECATED_OBJC_IMPLEMENTATIONS = YES;
				CLANG_WARN_DIRECT_OBJC_ISA_USAGE = YES_ERROR;
				CLANG_WARN_DOCUMENTATION_COMMENTS = YES;
				CLANG_WARN_EMPTY_BODY = YES;
				CLANG_WARN_ENUM_CONVERSION = YES;
				CLANG_WARN_INFINITE_RECURSION = YES;
				CLANG_WARN_INT_CONVERSION = YES;
				CLANG_WARN_NON_LITERAL_NULL_CONVERSION = YES;
				CLANG_WARN_OBJC_IMPLICIT_RETAIN_SELF = YES;
				CLANG_WARN_OBJC_LITERAL_CONVERSION = YES;
				CLANG_WARN_OBJC_ROOT_CLASS = YES_ERROR;
				CLANG_WARN_QUOTED_INCLUDE_IN_FRAMEWORK_HEADER = YES;
				CLANG_WARN_RANGE_LOOP_ANALYSIS = YES;
				CLANG_WARN_STRICT_PROTOTYPES = YES;
				CLANG_WARN_SUSPICIOUS_MOVE = YES;
				CLANG_WARN_UNGUARDED_AVAILABILITY = YES_AGGRESSIVE;
				CLANG_WARN_UNREACHABLE_CODE = YES;
				CLANG_WARN__DUPLICATE_METHOD_MATCH = YES;
				COPY_PHASE_STRIP = NO;
				DEBUG_INFORMATION_FORMAT = "dwarf-with-dsym";
				ENABLE_NS_ASSERTIONS = NO;
				ENABLE_STRICT_OBJC_MSGSEND = YES;
				GCC_C_LANGUAGE_STANDARD = gnu11;
				GCC_NO_COMMON_BLOCKS = YES;
				GCC_WARN_64_TO_32_BIT_CONVERSION = YES;
				GCC_WARN_ABOUT_RETURN_TYPE = YES_ERROR;
				GCC_WARN_UNDECLARED_SELECTOR = YES;
				GCC_WARN_UNINITIALIZED_AUTOS = YES_AGGRESSIVE;
				GCC_WARN_UNUSED_FUNCTION = YES;
				GCC_WARN_UNUSED_VARIABLE = YES;
				IPHONEOS_DEPLOYMENT_TARGET = 16.0;
				MTL_ENABLE_DEBUG_INFO = NO;
				MTL_FAST_MATH = YES;
				SDKROOT = iphoneos;
				SWIFT_COMPILATION_MODE = wholemodule;
				SWIFT_OPTIMIZATION_LEVEL = "-O";
				VALIDATE_PRODUCT = YES;
			};
			name = Release;
		};
		D91EE6F1295FCD1D00AB463F /* Debug */ = {
			isa = XCBuildConfiguration;
			buildSettings = {
				ASSETCATALOG_COMPILER_APPICON_NAME = AppIcon;
				ASSETCATALOG_COMPILER_GLOBAL_ACCENT_COLOR_NAME = AccentColor;
				CODE_SIGN_STYLE = Automatic;
				CURRENT_PROJECT_VERSION = 1;
				DEVELOPMENT_TEAM = JM53A4WWCH;
				GENERATE_INFOPLIST_FILE = YES;
				INFOPLIST_FILE = "Race Fan/Info.plist";
				INFOPLIST_KEY_UIApplicationSupportsIndirectInputEvents = YES;
				INFOPLIST_KEY_UILaunchStoryboardName = LaunchScreen;
				INFOPLIST_KEY_UISupportedInterfaceOrientations = UIInterfaceOrientationPortrait;
				LD_RUNPATH_SEARCH_PATHS = (
					"$(inherited)",
					"@executable_path/Frameworks",
				);
				MARKETING_VERSION = 1.0;
				PRODUCT_BUNDLE_IDENTIFIER = "com.nealsiegrist.Race-Fan";
				PRODUCT_NAME = "$(TARGET_NAME)";
				SUPPORTED_PLATFORMS = "iphoneos iphonesimulator";
				SUPPORTS_MACCATALYST = NO;
				SUPPORTS_MAC_DESIGNED_FOR_IPHONE_IPAD = NO;
				SWIFT_EMIT_LOC_STRINGS = YES;
				SWIFT_VERSION = 5.0;
				TARGETED_DEVICE_FAMILY = 1;
			};
			name = Debug;
		};
		D91EE6F2295FCD1D00AB463F /* Release */ = {
			isa = XCBuildConfiguration;
			buildSettings = {
				ASSETCATALOG_COMPILER_APPICON_NAME = AppIcon;
				ASSETCATALOG_COMPILER_GLOBAL_ACCENT_COLOR_NAME = AccentColor;
				CODE_SIGN_STYLE = Automatic;
				CURRENT_PROJECT_VERSION = 1;
				DEVELOPMENT_TEAM = JM53A4WWCH;
				GENERATE_INFOPLIST_FILE = YES;
				INFOPLIST_FILE = "Race Fan/Info.plist";
				INFOPLIST_KEY_UIApplicationSupportsIndirectInputEvents = YES;
				INFOPLIST_KEY_UILaunchStoryboardName = LaunchScreen;
				INFOPLIST_KEY_UISupportedInterfaceOrientations = UIInterfaceOrientationPortrait;
				LD_RUNPATH_SEARCH_PATHS = (
					"$(inherited)",
					"@executable_path/Frameworks",
				);
				MARKETING_VERSION = 1.0;
				PRODUCT_BUNDLE_IDENTIFIER = "com.nealsiegrist.Race-Fan";
				PRODUCT_NAME = "$(TARGET_NAME)";
				SUPPORTED_PLATFORMS = "iphoneos iphonesimulator";
				SUPPORTS_MACCATALYST = NO;
				SUPPORTS_MAC_DESIGNED_FOR_IPHONE_IPAD = NO;
				SWIFT_EMIT_LOC_STRINGS = YES;
				SWIFT_VERSION = 5.0;
				TARGETED_DEVICE_FAMILY = 1;
			};
			name = Release;
		};
		D91EE6F4295FCD1D00AB463F /* Debug */ = {
			isa = XCBuildConfiguration;
			buildSettings = {
				ALWAYS_EMBED_SWIFT_STANDARD_LIBRARIES = YES;
				BUNDLE_LOADER = "$(TEST_HOST)";
				CODE_SIGN_STYLE = Automatic;
				CURRENT_PROJECT_VERSION = 1;
				GENERATE_INFOPLIST_FILE = YES;
				IPHONEOS_DEPLOYMENT_TARGET = 16.0;
				MARKETING_VERSION = 1.0;
				PRODUCT_BUNDLE_IDENTIFIER = "com.nealsiegrist.Race-FanTests";
				PRODUCT_NAME = "$(TARGET_NAME)";
				SWIFT_EMIT_LOC_STRINGS = NO;
				SWIFT_VERSION = 5.0;
				TARGETED_DEVICE_FAMILY = "1,2";
				TEST_HOST = "$(BUILT_PRODUCTS_DIR)/Race Fan.app/$(BUNDLE_EXECUTABLE_FOLDER_PATH)/Race Fan";
			};
			name = Debug;
		};
		D91EE6F5295FCD1D00AB463F /* Release */ = {
			isa = XCBuildConfiguration;
			buildSettings = {
				ALWAYS_EMBED_SWIFT_STANDARD_LIBRARIES = YES;
				BUNDLE_LOADER = "$(TEST_HOST)";
				CODE_SIGN_STYLE = Automatic;
				CURRENT_PROJECT_VERSION = 1;
				GENERATE_INFOPLIST_FILE = YES;
				IPHONEOS_DEPLOYMENT_TARGET = 16.0;
				MARKETING_VERSION = 1.0;
				PRODUCT_BUNDLE_IDENTIFIER = "com.nealsiegrist.Race-FanTests";
				PRODUCT_NAME = "$(TARGET_NAME)";
				SWIFT_EMIT_LOC_STRINGS = NO;
				SWIFT_VERSION = 5.0;
				TARGETED_DEVICE_FAMILY = "1,2";
				TEST_HOST = "$(BUILT_PRODUCTS_DIR)/Race Fan.app/$(BUNDLE_EXECUTABLE_FOLDER_PATH)/Race Fan";
			};
			name = Release;
		};
		D91EE6F7295FCD1D00AB463F /* Debug */ = {
			isa = XCBuildConfiguration;
			buildSettings = {
				ALWAYS_EMBED_SWIFT_STANDARD_LIBRARIES = YES;
				CODE_SIGN_STYLE = Automatic;
				CURRENT_PROJECT_VERSION = 1;
				GENERATE_INFOPLIST_FILE = YES;
				MARKETING_VERSION = 1.0;
				PRODUCT_BUNDLE_IDENTIFIER = "com.nealsiegrist.Race-FanUITests";
				PRODUCT_NAME = "$(TARGET_NAME)";
				SWIFT_EMIT_LOC_STRINGS = NO;
				SWIFT_VERSION = 5.0;
				TARGETED_DEVICE_FAMILY = "1,2";
				TEST_TARGET_NAME = "Race Fan";
			};
			name = Debug;
		};
		D91EE6F8295FCD1D00AB463F /* Release */ = {
			isa = XCBuildConfiguration;
			buildSettings = {
				ALWAYS_EMBED_SWIFT_STANDARD_LIBRARIES = YES;
				CODE_SIGN_STYLE = Automatic;
				CURRENT_PROJECT_VERSION = 1;
				GENERATE_INFOPLIST_FILE = YES;
				MARKETING_VERSION = 1.0;
				PRODUCT_BUNDLE_IDENTIFIER = "com.nealsiegrist.Race-FanUITests";
				PRODUCT_NAME = "$(TARGET_NAME)";
				SWIFT_EMIT_LOC_STRINGS = NO;
				SWIFT_VERSION = 5.0;
				TARGETED_DEVICE_FAMILY = "1,2";
				TEST_TARGET_NAME = "Race Fan";
			};
			name = Release;
		};
/* End XCBuildConfiguration section */

/* Begin XCConfigurationList section */
		D91EE6BE295FCD1B00AB463F /* Build configuration list for PBXProject "Race Fan" */ = {
			isa = XCConfigurationList;
			buildConfigurations = (
				D91EE6EE295FCD1D00AB463F /* Debug */,
				D91EE6EF295FCD1D00AB463F /* Release */,
			);
			defaultConfigurationIsVisible = 0;
			defaultConfigurationName = Release;
		};
		D91EE6F0295FCD1D00AB463F /* Build configuration list for PBXNativeTarget "Race Fan" */ = {
			isa = XCConfigurationList;
			buildConfigurations = (
				D91EE6F1295FCD1D00AB463F /* Debug */,
				D91EE6F2295FCD1D00AB463F /* Release */,
			);
			defaultConfigurationIsVisible = 0;
			defaultConfigurationName = Release;
		};
		D91EE6F3295FCD1D00AB463F /* Build configuration list for PBXNativeTarget "Race FanTests" */ = {
			isa = XCConfigurationList;
			buildConfigurations = (
				D91EE6F4295FCD1D00AB463F /* Debug */,
				D91EE6F5295FCD1D00AB463F /* Release */,
			);
			defaultConfigurationIsVisible = 0;
			defaultConfigurationName = Release;
		};
		D91EE6F6295FCD1D00AB463F /* Build configuration list for PBXNativeTarget "Race FanUITests" */ = {
			isa = XCConfigurationList;
			buildConfigurations = (
				D91EE6F7295FCD1D00AB463F /* Debug */,
				D91EE6F8295FCD1D00AB463F /* Release */,
			);
			defaultConfigurationIsVisible = 0;
			defaultConfigurationName = Release;
		};
/* End XCConfigurationList section */

/* Begin XCVersionGroup section */
		D91EE6CF295FCD1B00AB463F /* Race_Fan.xcdatamodeld */ = {
			isa = XCVersionGroup;
			children = (
				D91EE6D0295FCD1B00AB463F /* Race_Fan.xcdatamodel */,
			);
			currentVersion = D91EE6D0295FCD1B00AB463F /* Race_Fan.xcdatamodel */;
			path = Race_Fan.xcdatamodeld;
			sourceTree = "<group>";
			versionGroupType = wrapper.xcdatamodel;
		};
/* End XCVersionGroup section */
	};
	rootObject = D91EE6BB295FCD1B00AB463F /* Project object */;
}
